
Microsoft Visual Studio Solution File, Format Version 12.00
# Visual Studio 15
VisualStudioVersion = 15.0.28307.136
MinimumVisualStudioVersion = 10.0.40219.1
Project("{9A19103F-16F7-4668-BE54-9A1E7A4F7556}") = "myApp", "myApp.csproj", "{A6550D8C-0350-4790-92D9-9FC5B8DADFCD}"
EndProject
Global
	GlobalSection(SolutionConfigurationPlatforms) = preSolution
		Debug|Any CPU = Debug|Any CPU
		Release|Any CPU = Release|Any CPU
	EndGlobalSection
	GlobalSection(ProjectConfigurationPlatforms) = postSolution
		{A6550D8C-0350-4790-92D9-9FC5B8DADFCD}.Debug|Any CPU.ActiveCfg = Debug|Any CPU
		{A6550D8C-0350-4790-92D9-9FC5B8DADFCD}.Debug|Any CPU.Build.0 = Debug|Any CPU
		{A6550D8C-0350-4790-92D9-9FC5B8DADFCD}.Release|Any CPU.ActiveCfg = Release|Any CPU
		{A6550D8C-0350-4790-92D9-9FC5B8DADFCD}.Release|Any CPU.Build.0 = Release|Any CPU
	EndGlobalSection
	GlobalSection(SolutionProperties) = preSolution
		HideSolutionNode = FALSE
	EndGlobalSection
	GlobalSection(ExtensibilityGlobals) = postSolution
		SolutionGuid = {3B319E02-8928-40A6-9F57-FF879DCFB6FF}
	EndGlobalSection
EndGlobal
